// !$*UTF8*$!
{
	archiveVersion = 1;
	classes = {
	};
	objectVersion = 46;
	objects = {

/* Begin PBXBuildFile section */
		270C5FF61D65A7FF0009DAC0 /* AppDelegate.swift in Sources */ = {isa = PBXBuildFile; fileRef = 270C5FF51D65A7FF0009DAC0 /* AppDelegate.swift */; };
		270C5FF81D65A7FF0009DAC0 /* InquiryViewController.swift in Sources */ = {isa = PBXBuildFile; fileRef = 270C5FF71D65A7FF0009DAC0 /* InquiryViewController.swift */; };
		270C5FFB1D65A7FF0009DAC0 /* Main.storyboard in Resources */ = {isa = PBXBuildFile; fileRef = 270C5FF91D65A7FF0009DAC0 /* Main.storyboard */; };
		270C5FFD1D65A7FF0009DAC0 /* Assets.xcassets in Resources */ = {isa = PBXBuildFile; fileRef = 270C5FFC1D65A7FF0009DAC0 /* Assets.xcassets */; };
		270C60001D65A7FF0009DAC0 /* LaunchScreen.storyboard in Resources */ = {isa = PBXBuildFile; fileRef = 270C5FFE1D65A7FF0009DAC0 /* LaunchScreen.storyboard */; };
		271107861D6EB5B600DE65F6 /* ActivitiesViewController.swift in Sources */ = {isa = PBXBuildFile; fileRef = 271107851D6EB5B600DE65F6 /* ActivitiesViewController.swift */; };
		271107881D6EB91900DE65F6 /* ActivityTableViewCell.swift in Sources */ = {isa = PBXBuildFile; fileRef = 271107871D6EB91900DE65F6 /* ActivityTableViewCell.swift */; };
		2717DD461D797447004C279E /* GitHubLinkView.swift in Sources */ = {isa = PBXBuildFile; fileRef = 2717DD451D797447004C279E /* GitHubLinkView.swift */; };
		274161101D6705D700A337FF /* UserInfoTabBarController.swift in Sources */ = {isa = PBXBuildFile; fileRef = 2741610F1D6705D700A337FF /* UserInfoTabBarController.swift */; };
		275877FA1D87FED200F9D1E8 /* GitHubViewerTests.swift in Sources */ = {isa = PBXBuildFile; fileRef = 275877F91D87FED200F9D1E8 /* GitHubViewerTests.swift */; };
		27856CD51D6BE846001170E6 /* RepositoriesViewController.swift in Sources */ = {isa = PBXBuildFile; fileRef = 27856CD41D6BE846001170E6 /* RepositoriesViewController.swift */; };
		2798FADE1D6D419D0080EEA1 /* RepositoryTableViewCell.swift in Sources */ = {isa = PBXBuildFile; fileRef = 2798FADD1D6D419D0080EEA1 /* RepositoryTableViewCell.swift */; };
		2798FAE01D6D420A0080EEA1 /* UserInfoTableViewCell.swift in Sources */ = {isa = PBXBuildFile; fileRef = 2798FADF1D6D420A0080EEA1 /* UserInfoTableViewCell.swift */; };
		27B9E9741D91029700FD89F7 /* FontAwesome.framework in Frameworks */ = {isa = PBXBuildFile; fileRef = 27B9E9731D91029700FD89F7 /* FontAwesome.framework */; };
		27C48DE11D6FE582005E98D3 /* User.swift in Sources */ = {isa = PBXBuildFile; fileRef = 27C48DE01D6FE582005E98D3 /* User.swift */; };
		27C48DE31D6FE5BD005E98D3 /* Repository.swift in Sources */ = {isa = PBXBuildFile; fileRef = 27C48DE21D6FE5BD005E98D3 /* Repository.swift */; };
		27C48DE51D6FE5D8005E98D3 /* Activity.swift in Sources */ = {isa = PBXBuildFile; fileRef = 27C48DE41D6FE5D8005E98D3 /* Activity.swift */; };
		27C48DEA1D6FFDE2005E98D3 /* GitHubAPIRequestType.swift in Sources */ = {isa = PBXBuildFile; fileRef = 27C48DE91D6FFDE2005E98D3 /* GitHubAPIRequestType.swift */; };
		27C48DEC1D70048D005E98D3 /* UserRequest.swift in Sources */ = {isa = PBXBuildFile; fileRef = 27C48DEB1D70048D005E98D3 /* UserRequest.swift */; };
		27D309671D77DE3600DF0154 /* RepositoryDetailViewController.swift in Sources */ = {isa = PBXBuildFile; fileRef = 27D309661D77DE3600DF0154 /* RepositoryDetailViewController.swift */; };
		27D309691D77E23A00DF0154 /* RepositoryTitleTableCell.swift in Sources */ = {isa = PBXBuildFile; fileRef = 27D309681D77E23A00DF0154 /* RepositoryTitleTableCell.swift */; };
		27D3096B1D77EA5400DF0154 /* GitHubLinkView.xib in Resources */ = {isa = PBXBuildFile; fileRef = 27D3096A1D77EA5400DF0154 /* GitHubLinkView.xib */; };
		27D3096E1D7806EB00DF0154 /* UIViewController+Extension.swift in Sources */ = {isa = PBXBuildFile; fileRef = 27D3096D1D7806EB00DF0154 /* UIViewController+Extension.swift */; };
		27D958EE1D76CE9A00F5BAC6 /* UserProfileViewController.swift in Sources */ = {isa = PBXBuildFile; fileRef = 27D958ED1D76CE9A00F5BAC6 /* UserProfileViewController.swift */; };
		27EE30F91D66D95C00526F88 /* APIKit.framework in Frameworks */ = {isa = PBXBuildFile; fileRef = 27EE30F81D66D95C00526F88 /* APIKit.framework */; };
		27EE30FB1D66D96F00526F88 /* Himotoki.framework in Frameworks */ = {isa = PBXBuildFile; fileRef = 27EE30FA1D66D96F00526F88 /* Himotoki.framework */; };
		27EE30FD1D66D97B00526F88 /* Kingfisher.framework in Frameworks */ = {isa = PBXBuildFile; fileRef = 27EE30FC1D66D97B00526F88 /* Kingfisher.framework */; };
		27EE30FF1D66D99000526F88 /* SnapKit.framework in Frameworks */ = {isa = PBXBuildFile; fileRef = 27EE30FE1D66D99000526F88 /* SnapKit.framework */; };
		27EE31021D66DB8600526F88 /* Result.framework in Frameworks */ = {isa = PBXBuildFile; fileRef = 27EE31011D66DB8600526F88 /* Result.framework */; };
/* End PBXBuildFile section */

/* Begin PBXContainerItemProxy section */
		275877FC1D87FED200F9D1E8 /* PBXContainerItemProxy */ = {
			isa = PBXContainerItemProxy;
			containerPortal = 270C5FEA1D65A7FF0009DAC0 /* Project object */;
			proxyType = 1;
			remoteGlobalIDString = 270C5FF11D65A7FF0009DAC0;
			remoteInfo = GitHubViewer;
		};
/* End PBXContainerItemProxy section */

/* Begin PBXFileReference section */
		270C5FF21D65A7FF0009DAC0 /* GitHubViewer.app */ = {isa = PBXFileReference; explicitFileType = wrapper.application; includeInIndex = 0; path = GitHubViewer.app; sourceTree = BUILT_PRODUCTS_DIR; };
		270C5FF51D65A7FF0009DAC0 /* AppDelegate.swift */ = {isa = PBXFileReference; lastKnownFileType = sourcecode.swift; path = AppDelegate.swift; sourceTree = "<group>"; };
		270C5FF71D65A7FF0009DAC0 /* InquiryViewController.swift */ = {isa = PBXFileReference; lastKnownFileType = sourcecode.swift; path = InquiryViewController.swift; sourceTree = "<group>"; };
		270C5FFA1D65A7FF0009DAC0 /* Base */ = {isa = PBXFileReference; lastKnownFileType = file.storyboard; name = Base; path = Base.lproj/Main.storyboard; sourceTree = "<group>"; };
		270C5FFC1D65A7FF0009DAC0 /* Assets.xcassets */ = {isa = PBXFileReference; lastKnownFileType = folder.assetcatalog; path = Assets.xcassets; sourceTree = "<group>"; };
		270C5FFF1D65A7FF0009DAC0 /* Base */ = {isa = PBXFileReference; lastKnownFileType = file.storyboard; name = Base; path = Base.lproj/LaunchScreen.storyboard; sourceTree = "<group>"; };
		270C60011D65A7FF0009DAC0 /* Info.plist */ = {isa = PBXFileReference; lastKnownFileType = text.plist.xml; path = Info.plist; sourceTree = "<group>"; };
		271107851D6EB5B600DE65F6 /* ActivitiesViewController.swift */ = {isa = PBXFileReference; fileEncoding = 4; lastKnownFileType = sourcecode.swift; path = ActivitiesViewController.swift; sourceTree = "<group>"; };
		271107871D6EB91900DE65F6 /* ActivityTableViewCell.swift */ = {isa = PBXFileReference; fileEncoding = 4; lastKnownFileType = sourcecode.swift; path = ActivityTableViewCell.swift; sourceTree = "<group>"; };
		2717DD451D797447004C279E /* GitHubLinkView.swift */ = {isa = PBXFileReference; fileEncoding = 4; lastKnownFileType = sourcecode.swift; path = GitHubLinkView.swift; sourceTree = "<group>"; };
		2741610F1D6705D700A337FF /* UserInfoTabBarController.swift */ = {isa = PBXFileReference; fileEncoding = 4; lastKnownFileType = sourcecode.swift; path = UserInfoTabBarController.swift; sourceTree = "<group>"; };
		275877F71D87FED200F9D1E8 /* GitHubViewerTests.xctest */ = {isa = PBXFileReference; explicitFileType = wrapper.cfbundle; includeInIndex = 0; path = GitHubViewerTests.xctest; sourceTree = BUILT_PRODUCTS_DIR; };
		275877F91D87FED200F9D1E8 /* GitHubViewerTests.swift */ = {isa = PBXFileReference; lastKnownFileType = sourcecode.swift; path = GitHubViewerTests.swift; sourceTree = "<group>"; };
		275877FB1D87FED200F9D1E8 /* Info.plist */ = {isa = PBXFileReference; lastKnownFileType = text.plist.xml; path = Info.plist; sourceTree = "<group>"; };
		27856CD41D6BE846001170E6 /* RepositoriesViewController.swift */ = {isa = PBXFileReference; fileEncoding = 4; lastKnownFileType = sourcecode.swift; path = RepositoriesViewController.swift; sourceTree = "<group>"; };
		2798FADD1D6D419D0080EEA1 /* RepositoryTableViewCell.swift */ = {isa = PBXFileReference; fileEncoding = 4; lastKnownFileType = sourcecode.swift; path = RepositoryTableViewCell.swift; sourceTree = "<group>"; };
		2798FADF1D6D420A0080EEA1 /* UserInfoTableViewCell.swift */ = {isa = PBXFileReference; fileEncoding = 4; lastKnownFileType = sourcecode.swift; path = UserInfoTableViewCell.swift; sourceTree = "<group>"; };
		27B9E9731D91029700FD89F7 /* FontAwesome.framework */ = {isa = PBXFileReference; lastKnownFileType = wrapper.framework; name = FontAwesome.framework; path = Carthage/Build/iOS/FontAwesome.framework; sourceTree = "<group>"; };
		27C48DE01D6FE582005E98D3 /* User.swift */ = {isa = PBXFileReference; fileEncoding = 4; lastKnownFileType = sourcecode.swift; path = User.swift; sourceTree = "<group>"; };
		27C48DE21D6FE5BD005E98D3 /* Repository.swift */ = {isa = PBXFileReference; fileEncoding = 4; lastKnownFileType = sourcecode.swift; path = Repository.swift; sourceTree = "<group>"; };
		27C48DE41D6FE5D8005E98D3 /* Activity.swift */ = {isa = PBXFileReference; fileEncoding = 4; lastKnownFileType = sourcecode.swift; path = Activity.swift; sourceTree = "<group>"; };
		27C48DE91D6FFDE2005E98D3 /* GitHubAPIRequestType.swift */ = {isa = PBXFileReference; fileEncoding = 4; lastKnownFileType = sourcecode.swift; path = GitHubAPIRequestType.swift; sourceTree = "<group>"; };
		27C48DEB1D70048D005E98D3 /* UserRequest.swift */ = {isa = PBXFileReference; fileEncoding = 4; lastKnownFileType = sourcecode.swift; path = UserRequest.swift; sourceTree = "<group>"; };
		27D309661D77DE3600DF0154 /* RepositoryDetailViewController.swift */ = {isa = PBXFileReference; fileEncoding = 4; lastKnownFileType = sourcecode.swift; path = RepositoryDetailViewController.swift; sourceTree = "<group>"; };
		27D309681D77E23A00DF0154 /* RepositoryTitleTableCell.swift */ = {isa = PBXFileReference; fileEncoding = 4; lastKnownFileType = sourcecode.swift; path = RepositoryTitleTableCell.swift; sourceTree = "<group>"; };
		27D3096A1D77EA5400DF0154 /* GitHubLinkView.xib */ = {isa = PBXFileReference; fileEncoding = 4; lastKnownFileType = file.xib; path = GitHubLinkView.xib; sourceTree = "<group>"; };
		27D3096D1D7806EB00DF0154 /* UIViewController+Extension.swift */ = {isa = PBXFileReference; fileEncoding = 4; lastKnownFileType = sourcecode.swift; path = "UIViewController+Extension.swift"; sourceTree = "<group>"; };
		27D958ED1D76CE9A00F5BAC6 /* UserProfileViewController.swift */ = {isa = PBXFileReference; fileEncoding = 4; lastKnownFileType = sourcecode.swift; path = UserProfileViewController.swift; sourceTree = "<group>"; };
		27EE30F81D66D95C00526F88 /* APIKit.framework */ = {isa = PBXFileReference; lastKnownFileType = wrapper.framework; name = APIKit.framework; path = Carthage/Build/iOS/APIKit.framework; sourceTree = "<group>"; };
		27EE30FA1D66D96F00526F88 /* Himotoki.framework */ = {isa = PBXFileReference; lastKnownFileType = wrapper.framework; name = Himotoki.framework; path = Carthage/Build/iOS/Himotoki.framework; sourceTree = "<group>"; };
		27EE30FC1D66D97B00526F88 /* Kingfisher.framework */ = {isa = PBXFileReference; lastKnownFileType = wrapper.framework; name = Kingfisher.framework; path = Carthage/Build/iOS/Kingfisher.framework; sourceTree = "<group>"; };
		27EE30FE1D66D99000526F88 /* SnapKit.framework */ = {isa = PBXFileReference; lastKnownFileType = wrapper.framework; name = SnapKit.framework; path = Carthage/Build/iOS/SnapKit.framework; sourceTree = "<group>"; };
		27EE31011D66DB8600526F88 /* Result.framework */ = {isa = PBXFileReference; lastKnownFileType = wrapper.framework; name = Result.framework; path = Carthage/Build/iOS/Result.framework; sourceTree = "<group>"; };
/* End PBXFileReference section */

/* Begin PBXFrameworksBuildPhase section */
		270C5FEF1D65A7FF0009DAC0 /* Frameworks */ = {
			isa = PBXFrameworksBuildPhase;
			buildActionMask = 2147483647;
			files = (
				27B9E9741D91029700FD89F7 /* FontAwesome.framework in Frameworks */,
				27EE31021D66DB8600526F88 /* Result.framework in Frameworks */,
				27EE30FF1D66D99000526F88 /* SnapKit.framework in Frameworks */,
				27EE30FD1D66D97B00526F88 /* Kingfisher.framework in Frameworks */,
				27EE30FB1D66D96F00526F88 /* Himotoki.framework in Frameworks */,
				27EE30F91D66D95C00526F88 /* APIKit.framework in Frameworks */,
			);
			runOnlyForDeploymentPostprocessing = 0;
		};
		275877F41D87FED200F9D1E8 /* Frameworks */ = {
			isa = PBXFrameworksBuildPhase;
			buildActionMask = 2147483647;
			files = (
			);
			runOnlyForDeploymentPostprocessing = 0;
		};
/* End PBXFrameworksBuildPhase section */

/* Begin PBXGroup section */
		270C5FE91D65A7FF0009DAC0 = {
			isa = PBXGroup;
			children = (
				275877F81D87FED200F9D1E8 /* GitHubViewerTests */,
				27C48DE61D6FFD33005E98D3 /* Frameworks */,
				270C5FF41D65A7FF0009DAC0 /* GitHubViewer */,
				270C5FF31D65A7FF0009DAC0 /* Products */,
			);
			sourceTree = "<group>";
		};
		270C5FF31D65A7FF0009DAC0 /* Products */ = {
			isa = PBXGroup;
			children = (
				270C5FF21D65A7FF0009DAC0 /* GitHubViewer.app */,
				275877F71D87FED200F9D1E8 /* GitHubViewerTests.xctest */,
			);
			name = Products;
			sourceTree = "<group>";
		};
		270C5FF41D65A7FF0009DAC0 /* GitHubViewer */ = {
			isa = PBXGroup;
			children = (
				27D3096C1D78068200DF0154 /* Helpers */,
				270C600A1D65B2860009DAC0 /* Models */,
				270C60091D65B2820009DAC0 /* Views */,
				270C60071D65B2710009DAC0 /* ViewControllers */,
				270C5FF51D65A7FF0009DAC0 /* AppDelegate.swift */,
				270C5FF91D65A7FF0009DAC0 /* Main.storyboard */,
				270C5FFC1D65A7FF0009DAC0 /* Assets.xcassets */,
				270C5FFE1D65A7FF0009DAC0 /* LaunchScreen.storyboard */,
				270C60011D65A7FF0009DAC0 /* Info.plist */,
			);
			path = GitHubViewer;
			sourceTree = "<group>";
		};
		270C60071D65B2710009DAC0 /* ViewControllers */ = {
			isa = PBXGroup;
			children = (
				270C5FF71D65A7FF0009DAC0 /* InquiryViewController.swift */,
				2741610F1D6705D700A337FF /* UserInfoTabBarController.swift */,
				27856CD41D6BE846001170E6 /* RepositoriesViewController.swift */,
				271107851D6EB5B600DE65F6 /* ActivitiesViewController.swift */,
				27D958ED1D76CE9A00F5BAC6 /* UserProfileViewController.swift */,
				27D309661D77DE3600DF0154 /* RepositoryDetailViewController.swift */,
			);
			path = ViewControllers;
			sourceTree = "<group>";
		};
		270C60091D65B2820009DAC0 /* Views */ = {
			isa = PBXGroup;
			children = (
				2798FADD1D6D419D0080EEA1 /* RepositoryTableViewCell.swift */,
				2798FADF1D6D420A0080EEA1 /* UserInfoTableViewCell.swift */,
				271107871D6EB91900DE65F6 /* ActivityTableViewCell.swift */,
				27D309681D77E23A00DF0154 /* RepositoryTitleTableCell.swift */,
				27D3096A1D77EA5400DF0154 /* GitHubLinkView.xib */,
				2717DD451D797447004C279E /* GitHubLinkView.swift */,
			);
			path = Views;
			sourceTree = "<group>";
		};
		270C600A1D65B2860009DAC0 /* Models */ = {
			isa = PBXGroup;
			children = (
				27C48DE01D6FE582005E98D3 /* User.swift */,
				27C48DE21D6FE5BD005E98D3 /* Repository.swift */,
				27C48DE41D6FE5D8005E98D3 /* Activity.swift */,
				27C48DE91D6FFDE2005E98D3 /* GitHubAPIRequestType.swift */,
				27C48DEB1D70048D005E98D3 /* UserRequest.swift */,
			);
			path = Models;
			sourceTree = "<group>";
		};
		275877F81D87FED200F9D1E8 /* GitHubViewerTests */ = {
			isa = PBXGroup;
			children = (
				275877F91D87FED200F9D1E8 /* GitHubViewerTests.swift */,
				275877FB1D87FED200F9D1E8 /* Info.plist */,
			);
			path = GitHubViewerTests;
			sourceTree = "<group>";
		};
		27C48DE61D6FFD33005E98D3 /* Frameworks */ = {
			isa = PBXGroup;
			children = (
				27B9E9731D91029700FD89F7 /* FontAwesome.framework */,
				27EE30FA1D66D96F00526F88 /* Himotoki.framework */,
				27EE30F81D66D95C00526F88 /* APIKit.framework */,
				27EE30FC1D66D97B00526F88 /* Kingfisher.framework */,
				27EE30FE1D66D99000526F88 /* SnapKit.framework */,
				27EE31011D66DB8600526F88 /* Result.framework */,
			);
			name = Frameworks;
			sourceTree = "<group>";
		};
		27D3096C1D78068200DF0154 /* Helpers */ = {
			isa = PBXGroup;
			children = (
				27D3096D1D7806EB00DF0154 /* UIViewController+Extension.swift */,
			);
			path = Helpers;
			sourceTree = "<group>";
		};
/* End PBXGroup section */

/* Begin PBXNativeTarget section */
		270C5FF11D65A7FF0009DAC0 /* GitHubViewer */ = {
			isa = PBXNativeTarget;
			buildConfigurationList = 270C60041D65A7FF0009DAC0 /* Build configuration list for PBXNativeTarget "GitHubViewer" */;
			buildPhases = (
				270C5FEE1D65A7FF0009DAC0 /* Sources */,
				270C5FEF1D65A7FF0009DAC0 /* Frameworks */,
				270C5FF01D65A7FF0009DAC0 /* Resources */,
				27EE31001D66D9B000526F88 /* ShellScript */,
			);
			buildRules = (
			);
			dependencies = (
			);
			name = GitHubViewer;
			productName = GitHubViewer;
			productReference = 270C5FF21D65A7FF0009DAC0 /* GitHubViewer.app */;
			productType = "com.apple.product-type.application";
		};
		275877F61D87FED200F9D1E8 /* GitHubViewerTests */ = {
			isa = PBXNativeTarget;
			buildConfigurationList = 275878001D87FED200F9D1E8 /* Build configuration list for PBXNativeTarget "GitHubViewerTests" */;
			buildPhases = (
				275877F31D87FED200F9D1E8 /* Sources */,
				275877F41D87FED200F9D1E8 /* Frameworks */,
				275877F51D87FED200F9D1E8 /* Resources */,
			);
			buildRules = (
			);
			dependencies = (
				275877FD1D87FED200F9D1E8 /* PBXTargetDependency */,
			);
			name = GitHubViewerTests;
			productName = GitHubViewerTests;
			productReference = 275877F71D87FED200F9D1E8 /* GitHubViewerTests.xctest */;
			productType = "com.apple.product-type.bundle.unit-test";
		};
/* End PBXNativeTarget section */

/* Begin PBXProject section */
		270C5FEA1D65A7FF0009DAC0 /* Project object */ = {
			isa = PBXProject;
			attributes = {
				LastSwiftUpdateCheck = 0730;
				LastUpgradeCheck = 0730;
				ORGANIZATIONNAME = "naomi-hidaka";
				TargetAttributes = {
					270C5FF11D65A7FF0009DAC0 = {
						CreatedOnToolsVersion = 7.3.1;
					};
					275877F61D87FED200F9D1E8 = {
						CreatedOnToolsVersion = 7.3.1;
						TestTargetID = 270C5FF11D65A7FF0009DAC0;
					};
				};
			};
			buildConfigurationList = 270C5FED1D65A7FF0009DAC0 /* Build configuration list for PBXProject "GitHubViewer" */;
			compatibilityVersion = "Xcode 3.2";
			developmentRegion = English;
			hasScannedForEncodings = 0;
			knownRegions = (
				en,
				Base,
			);
			mainGroup = 270C5FE91D65A7FF0009DAC0;
			productRefGroup = 270C5FF31D65A7FF0009DAC0 /* Products */;
			projectDirPath = "";
			projectRoot = "";
			targets = (
				270C5FF11D65A7FF0009DAC0 /* GitHubViewer */,
				275877F61D87FED200F9D1E8 /* GitHubViewerTests */,
			);
		};
/* End PBXProject section */

/* Begin PBXResourcesBuildPhase section */
		270C5FF01D65A7FF0009DAC0 /* Resources */ = {
			isa = PBXResourcesBuildPhase;
			buildActionMask = 2147483647;
			files = (
				27D3096B1D77EA5400DF0154 /* GitHubLinkView.xib in Resources */,
				270C60001D65A7FF0009DAC0 /* LaunchScreen.storyboard in Resources */,
				270C5FFD1D65A7FF0009DAC0 /* Assets.xcassets in Resources */,
				270C5FFB1D65A7FF0009DAC0 /* Main.storyboard in Resources */,
			);
			runOnlyForDeploymentPostprocessing = 0;
		};
		275877F51D87FED200F9D1E8 /* Resources */ = {
			isa = PBXResourcesBuildPhase;
			buildActionMask = 2147483647;
			files = (
			);
			runOnlyForDeploymentPostprocessing = 0;
		};
/* End PBXResourcesBuildPhase section */

/* Begin PBXShellScriptBuildPhase section */
		27EE31001D66D9B000526F88 /* ShellScript */ = {
			isa = PBXShellScriptBuildPhase;
			buildActionMask = 2147483647;
			files = (
			);
			inputPaths = (
				"$(SRCROOT)/Carthage/Build/iOS/APIKit.framework",
				"$(SRCROOT)/Carthage/Build/iOS/Himotoki.framework",
				"$(SRCROOT)/Carthage/Build/iOS/Kingfisher.framework",
				"$(SRCROOT)/Carthage/Build/iOS/SnapKit.framework",
				"$(SRCROOT)/Carthage/Build/iOS/Result.framework",
				"$(SRCROOT)/Carthage/Build/iOS/FontAwesome.framework",
			);
			outputPaths = (
			);
			runOnlyForDeploymentPostprocessing = 0;
			shellPath = /bin/sh;
			shellScript = "/opt/brew/bin/carthage copy-frameworks\n/opt/brew/bin/swiftlint";
		};
/* End PBXShellScriptBuildPhase section */

/* Begin PBXSourcesBuildPhase section */
		270C5FEE1D65A7FF0009DAC0 /* Sources */ = {
			isa = PBXSourcesBuildPhase;
			buildActionMask = 2147483647;
			files = (
				2798FAE01D6D420A0080EEA1 /* UserInfoTableViewCell.swift in Sources */,
				27856CD51D6BE846001170E6 /* RepositoriesViewController.swift in Sources */,
				274161101D6705D700A337FF /* UserInfoTabBarController.swift in Sources */,
				27C48DE31D6FE5BD005E98D3 /* Repository.swift in Sources */,
				27D3096E1D7806EB00DF0154 /* UIViewController+Extension.swift in Sources */,
				271107861D6EB5B600DE65F6 /* ActivitiesViewController.swift in Sources */,
				27D309691D77E23A00DF0154 /* RepositoryTitleTableCell.swift in Sources */,
				27D309671D77DE3600DF0154 /* RepositoryDetailViewController.swift in Sources */,
				270C5FF81D65A7FF0009DAC0 /* InquiryViewController.swift in Sources */,
				2798FADE1D6D419D0080EEA1 /* RepositoryTableViewCell.swift in Sources */,
				27C48DEA1D6FFDE2005E98D3 /* GitHubAPIRequestType.swift in Sources */,
				27C48DEC1D70048D005E98D3 /* UserRequest.swift in Sources */,
				27D958EE1D76CE9A00F5BAC6 /* UserProfileViewController.swift in Sources */,
				2717DD461D797447004C279E /* GitHubLinkView.swift in Sources */,
				27C48DE51D6FE5D8005E98D3 /* Activity.swift in Sources */,
				271107881D6EB91900DE65F6 /* ActivityTableViewCell.swift in Sources */,
				270C5FF61D65A7FF0009DAC0 /* AppDelegate.swift in Sources */,
				27C48DE11D6FE582005E98D3 /* User.swift in Sources */,
			);
			runOnlyForDeploymentPostprocessing = 0;
		};
		275877F31D87FED200F9D1E8 /* Sources */ = {
			isa = PBXSourcesBuildPhase;
			buildActionMask = 2147483647;
			files = (
				275877FA1D87FED200F9D1E8 /* GitHubViewerTests.swift in Sources */,
			);
			runOnlyForDeploymentPostprocessing = 0;
		};
/* End PBXSourcesBuildPhase section */

/* Begin PBXTargetDependency section */
		275877FD1D87FED200F9D1E8 /* PBXTargetDependency */ = {
			isa = PBXTargetDependency;
			target = 270C5FF11D65A7FF0009DAC0 /* GitHubViewer */;
			targetProxy = 275877FC1D87FED200F9D1E8 /* PBXContainerItemProxy */;
		};
/* End PBXTargetDependency section */

/* Begin PBXVariantGroup section */
		270C5FF91D65A7FF0009DAC0 /* Main.storyboard */ = {
			isa = PBXVariantGroup;
			children = (
				270C5FFA1D65A7FF0009DAC0 /* Base */,
			);
			name = Main.storyboard;
			sourceTree = "<group>";
		};
		270C5FFE1D65A7FF0009DAC0 /* LaunchScreen.storyboard */ = {
			isa = PBXVariantGroup;
			children = (
				270C5FFF1D65A7FF0009DAC0 /* Base */,
			);
			name = LaunchScreen.storyboard;
			sourceTree = "<group>";
		};
/* End PBXVariantGroup section */

/* Begin XCBuildConfiguration section */
		270C60021D65A7FF0009DAC0 /* Debug */ = {
			isa = XCBuildConfiguration;
			buildSettings = {
				ALWAYS_SEARCH_USER_PATHS = NO;
				CLANG_ANALYZER_NONNULL = YES;
				CLANG_CXX_LANGUAGE_STANDARD = "gnu++0x";
				CLANG_CXX_LIBRARY = "libc++";
				CLANG_ENABLE_MODULES = YES;
				CLANG_ENABLE_OBJC_ARC = YES;
				CLANG_WARN_BOOL_CONVERSION = YES;
				CLANG_WARN_CONSTANT_CONVERSION = YES;
				CLANG_WARN_DIRECT_OBJC_ISA_USAGE = YES_ERROR;
				CLANG_WARN_EMPTY_BODY = YES;
				CLANG_WARN_ENUM_CONVERSION = YES;
				CLANG_WARN_INT_CONVERSION = YES;
				CLANG_WARN_OBJC_ROOT_CLASS = YES_ERROR;
				CLANG_WARN_UNREACHABLE_CODE = YES;
				CLANG_WARN__DUPLICATE_METHOD_MATCH = YES;
				"CODE_SIGN_IDENTITY[sdk=iphoneos*]" = "iPhone Developer";
				COPY_PHASE_STRIP = NO;
				DEBUG_INFORMATION_FORMAT = dwarf;
				ENABLE_STRICT_OBJC_MSGSEND = YES;
				ENABLE_TESTABILITY = YES;
				GCC_C_LANGUAGE_STANDARD = gnu99;
				GCC_DYNAMIC_NO_PIC = NO;
				GCC_NO_COMMON_BLOCKS = YES;
				GCC_OPTIMIZATION_LEVEL = 0;
				GCC_PREPROCESSOR_DEFINITIONS = (
					"DEBUG=1",
					"$(inherited)",
				);
				GCC_TREAT_WARNINGS_AS_ERRORS = YES;
				GCC_WARN_64_TO_32_BIT_CONVERSION = YES;
				GCC_WARN_ABOUT_RETURN_TYPE = YES_ERROR;
				GCC_WARN_UNDECLARED_SELECTOR = YES;
				GCC_WARN_UNINITIALIZED_AUTOS = YES_AGGRESSIVE;
				GCC_WARN_UNUSED_FUNCTION = YES;
				GCC_WARN_UNUSED_VARIABLE = YES;
				IPHONEOS_DEPLOYMENT_TARGET = 9.3;
				MTL_ENABLE_DEBUG_INFO = YES;
				ONLY_ACTIVE_ARCH = YES;
				SDKROOT = iphoneos;
				SWIFT_OPTIMIZATION_LEVEL = "-Onone";
				TARGETED_DEVICE_FAMILY = "1,2";
			};
			name = Debug;
		};
		270C60031D65A7FF0009DAC0 /* Release */ = {
			isa = XCBuildConfiguration;
			buildSettings = {
				ALWAYS_SEARCH_USER_PATHS = NO;
				CLANG_ANALYZER_NONNULL = YES;
				CLANG_CXX_LANGUAGE_STANDARD = "gnu++0x";
				CLANG_CXX_LIBRARY = "libc++";
				CLANG_ENABLE_MODULES = YES;
				CLANG_ENABLE_OBJC_ARC = YES;
				CLANG_WARN_BOOL_CONVERSION = YES;
				CLANG_WARN_CONSTANT_CONVERSION = YES;
				CLANG_WARN_DIRECT_OBJC_ISA_USAGE = YES_ERROR;
				CLANG_WARN_EMPTY_BODY = YES;
				CLANG_WARN_ENUM_CONVERSION = YES;
				CLANG_WARN_INT_CONVERSION = YES;
				CLANG_WARN_OBJC_ROOT_CLASS = YES_ERROR;
				CLANG_WARN_UNREACHABLE_CODE = YES;
				CLANG_WARN__DUPLICATE_METHOD_MATCH = YES;
				"CODE_SIGN_IDENTITY[sdk=iphoneos*]" = "iPhone Developer";
				COPY_PHASE_STRIP = NO;
				DEBUG_INFORMATION_FORMAT = "dwarf-with-dsym";
				ENABLE_NS_ASSERTIONS = NO;
				ENABLE_STRICT_OBJC_MSGSEND = YES;
				GCC_C_LANGUAGE_STANDARD = gnu99;
				GCC_NO_COMMON_BLOCKS = YES;
				GCC_TREAT_WARNINGS_AS_ERRORS = YES;
				GCC_WARN_64_TO_32_BIT_CONVERSION = YES;
				GCC_WARN_ABOUT_RETURN_TYPE = YES_ERROR;
				GCC_WARN_UNDECLARED_SELECTOR = YES;
				GCC_WARN_UNINITIALIZED_AUTOS = YES_AGGRESSIVE;
				GCC_WARN_UNUSED_FUNCTION = YES;
				GCC_WARN_UNUSED_VARIABLE = YES;
				IPHONEOS_DEPLOYMENT_TARGET = 9.3;
				MTL_ENABLE_DEBUG_INFO = NO;
				SDKROOT = iphoneos;
				TARGETED_DEVICE_FAMILY = "1,2";
				VALIDATE_PRODUCT = YES;
			};
			name = Release;
		};
		270C60051D65A7FF0009DAC0 /* Debug */ = {
			isa = XCBuildConfiguration;
			buildSettings = {
				ASSETCATALOG_COMPILER_APPICON_NAME = AppIcon;
				FRAMEWORK_SEARCH_PATHS = (
					"$(inherited)",
					"$(PROJECT_DIR)/Carthage/Build/iOS",
				);
				INFOPLIST_FILE = GitHubViewer/Info.plist;
				IPHONEOS_DEPLOYMENT_TARGET = 9.3;
				LD_RUNPATH_SEARCH_PATHS = "$(inherited) @executable_path/Frameworks";
				PRODUCT_BUNDLE_IDENTIFIER = com.cookpad.ios.GitHubViewer;
				PRODUCT_NAME = "$(TARGET_NAME)";
			};
			name = Debug;
		};
		270C60061D65A7FF0009DAC0 /* Release */ = {
			isa = XCBuildConfiguration;
			buildSettings = {
				ASSETCATALOG_COMPILER_APPICON_NAME = AppIcon;
				FRAMEWORK_SEARCH_PATHS = (
					"$(inherited)",
					"$(PROJECT_DIR)/Carthage/Build/iOS",
				);
				INFOPLIST_FILE = GitHubViewer/Info.plist;
				IPHONEOS_DEPLOYMENT_TARGET = 9.3;
				LD_RUNPATH_SEARCH_PATHS = "$(inherited) @executable_path/Frameworks";
				PRODUCT_BUNDLE_IDENTIFIER = com.cookpad.ios.GitHubViewer;
				PRODUCT_NAME = "$(TARGET_NAME)";
			};
			name = Release;
		};
		275877FE1D87FED200F9D1E8 /* Debug */ = {
			isa = XCBuildConfiguration;
			buildSettings = {
				BUNDLE_LOADER = "$(TEST_HOST)";
				INFOPLIST_FILE = GitHubViewerTests/Info.plist;
				LD_RUNPATH_SEARCH_PATHS = "$(inherited) @executable_path/Frameworks @loader_path/Frameworks";
				PRODUCT_BUNDLE_IDENTIFIER = com.cookpad.ios.GitHubViewerTests;
				PRODUCT_NAME = "$(TARGET_NAME)";
				TEST_HOST = "$(BUILT_PRODUCTS_DIR)/GitHubViewer.app/GitHubViewer";
			};
			name = Debug;
		};
		275877FF1D87FED200F9D1E8 /* Release */ = {
			isa = XCBuildConfiguration;
			buildSettings = {
				BUNDLE_LOADER = "$(TEST_HOST)";
				INFOPLIST_FILE = GitHubViewerTests/Info.plist;
				LD_RUNPATH_SEARCH_PATHS = "$(inherited) @executable_path/Frameworks @loader_path/Frameworks";
				PRODUCT_BUNDLE_IDENTIFIER = com.cookpad.ios.GitHubViewerTests;
				PRODUCT_NAME = "$(TARGET_NAME)";
				TEST_HOST = "$(BUILT_PRODUCTS_DIR)/GitHubViewer.app/GitHubViewer";
			};
			name = Release;
		};
/* End XCBuildConfiguration section */

/* Begin XCConfigurationList section */
		270C5FED1D65A7FF0009DAC0 /* Build configuration list for PBXProject "GitHubViewer" */ = {
			isa = XCConfigurationList;
			buildConfigurations = (
				270C60021D65A7FF0009DAC0 /* Debug */,
				270C60031D65A7FF0009DAC0 /* Release */,
			);
			defaultConfigurationIsVisible = 0;
			defaultConfigurationName = Release;
		};
		270C60041D65A7FF0009DAC0 /* Build configuration list for PBXNativeTarget "GitHubViewer" */ = {
			isa = XCConfigurationList;
			buildConfigurations = (
				270C60051D65A7FF0009DAC0 /* Debug */,
				270C60061D65A7FF0009DAC0 /* Release */,
			);
			defaultConfigurationIsVisible = 0;
			defaultConfigurationName = Release;
		};
		275878001D87FED200F9D1E8 /* Build configuration list for PBXNativeTarget "GitHubViewerTests" */ = {
			isa = XCConfigurationList;
			buildConfigurations = (
				275877FE1D87FED200F9D1E8 /* Debug */,
				275877FF1D87FED200F9D1E8 /* Release */,
			);
			defaultConfigurationIsVisible = 0;
			defaultConfigurationName = Release;
		};
/* End XCConfigurationList section */
	};
	rootObject = 270C5FEA1D65A7FF0009DAC0 /* Project object */;
}
